// !$*UTF8*$!
{
	archiveVersion = 1;
	classes = {
	};
	objectVersion = 48;
	objects = {

/* Begin PBXBuildFile section */
		3E6C348F1FEC5FDC0007D03B /* UIViewController+Utils.swift in Sources */ = {isa = PBXBuildFile; fileRef = 3E6C348E1FEC5FDC0007D03B /* UIViewController+Utils.swift */; };
		3E6C34911FEC600E0007D03B /* String+Utils.swift in Sources */ = {isa = PBXBuildFile; fileRef = 3E6C34901FEC600E0007D03B /* String+Utils.swift */; };
		3E6C34941FEC61A70007D03B /* MovieCell.swift in Sources */ = {isa = PBXBuildFile; fileRef = 3E6C34931FEC61A70007D03B /* MovieCell.swift */; };
		3E6C34961FEC61FF0007D03B /* MovieCellViewModel.swift in Sources */ = {isa = PBXBuildFile; fileRef = 3E6C34951FEC61FF0007D03B /* MovieCellViewModel.swift */; };
		3E6C34981FEC653B0007D03B /* RxCocoa.framework in Frameworks */ = {isa = PBXBuildFile; fileRef = 3E6C34971FEC653B0007D03B /* RxCocoa.framework */; };
		3ECD7A4E1FEBB0D100A25C4D /* AppDelegate.swift in Sources */ = {isa = PBXBuildFile; fileRef = 3ECD7A4D1FEBB0D100A25C4D /* AppDelegate.swift */; };
		3ECD7A501FEBB0D100A25C4D /* SearchViewController.swift in Sources */ = {isa = PBXBuildFile; fileRef = 3ECD7A4F1FEBB0D100A25C4D /* SearchViewController.swift */; };
		3ECD7A531FEBB0D100A25C4D /* Main.storyboard in Resources */ = {isa = PBXBuildFile; fileRef = 3ECD7A511FEBB0D100A25C4D /* Main.storyboard */; };
		3ECD7A561FEBB0D100A25C4D /* MovieSearch.xcdatamodeld in Sources */ = {isa = PBXBuildFile; fileRef = 3ECD7A541FEBB0D100A25C4D /* MovieSearch.xcdatamodeld */; };
		3ECD7A581FEBB0D100A25C4D /* Assets.xcassets in Resources */ = {isa = PBXBuildFile; fileRef = 3ECD7A571FEBB0D100A25C4D /* Assets.xcassets */; };
		3ECD7A5B1FEBB0D100A25C4D /* LaunchScreen.storyboard in Resources */ = {isa = PBXBuildFile; fileRef = 3ECD7A591FEBB0D100A25C4D /* LaunchScreen.storyboard */; };
		3ECD7A661FEBB0D100A25C4D /* MovieSearchTests.swift in Sources */ = {isa = PBXBuildFile; fileRef = 3ECD7A651FEBB0D100A25C4D /* MovieSearchTests.swift */; };
		3ECD7A741FEBB18D00A25C4D /* Storage.swift in Sources */ = {isa = PBXBuildFile; fileRef = 3ECD7A731FEBB18D00A25C4D /* Storage.swift */; };
		3ECD7A761FEBB21100A25C4D /* CoreDataStorage.swift in Sources */ = {isa = PBXBuildFile; fileRef = 3ECD7A751FEBB21100A25C4D /* CoreDataStorage.swift */; };
		3ECD7A7A1FEBB5A400A25C4D /* SuggestionCell.swift in Sources */ = {isa = PBXBuildFile; fileRef = 3ECD7A791FEBB5A400A25C4D /* SuggestionCell.swift */; };
		3ECD7A801FEBB6DE00A25C4D /* SearchViewModel.swift in Sources */ = {isa = PBXBuildFile; fileRef = 3ECD7A7F1FEBB6DE00A25C4D /* SearchViewModel.swift */; };
		3ECD7A831FEBBBDC00A25C4D /* MainFlowController.swift in Sources */ = {isa = PBXBuildFile; fileRef = 3ECD7A821FEBBBDC00A25C4D /* MainFlowController.swift */; };
		3ECD7A851FEBBE2D00A25C4D /* NetworkServiceFactory.swift in Sources */ = {isa = PBXBuildFile; fileRef = 3ECD7A841FEBBE2D00A25C4D /* NetworkServiceFactory.swift */; };
		3ECD7A8A1FEBC36000A25C4D /* ManagedSearch.swift in Sources */ = {isa = PBXBuildFile; fileRef = 3ECD7A891FEBC36000A25C4D /* ManagedSearch.swift */; };
		3ECD7A8C1FEC0EBA00A25C4D /* Configuration.swift in Sources */ = {isa = PBXBuildFile; fileRef = 3ECD7A8B1FEC0EBA00A25C4D /* Configuration.swift */; };
		3ECD7A8E1FEC153300A25C4D /* NetworkRouter.swift in Sources */ = {isa = PBXBuildFile; fileRef = 3ECD7A8D1FEC153300A25C4D /* NetworkRouter.swift */; };
		3ECD7A911FEC1A5B00A25C4D /* SearchService.swift in Sources */ = {isa = PBXBuildFile; fileRef = 3ECD7A901FEC1A5B00A25C4D /* SearchService.swift */; };
		3ECD7A941FEC36F100A25C4D /* Alamofire.framework in Frameworks */ = {isa = PBXBuildFile; fileRef = 3ECD7A931FEC36F100A25C4D /* Alamofire.framework */; };
		3ECD7A971FEC37C500A25C4D /* Search.swift in Sources */ = {isa = PBXBuildFile; fileRef = 3ECD7A961FEC37C500A25C4D /* Search.swift */; };
		3ECD7A9B1FEC390E00A25C4D /* ResultsViewController.swift in Sources */ = {isa = PBXBuildFile; fileRef = 3ECD7A9A1FEC390E00A25C4D /* ResultsViewController.swift */; };
		3ECD7A9D1FEC391E00A25C4D /* ResultsViewModel.swift in Sources */ = {isa = PBXBuildFile; fileRef = 3ECD7A9C1FEC391E00A25C4D /* ResultsViewModel.swift */; };
		3ECD7A9F1FEC3B6900A25C4D /* RxSwift.framework in Frameworks */ = {isa = PBXBuildFile; fileRef = 3ECD7A9E1FEC3B6900A25C4D /* RxSwift.framework */; };
		3ECD7AA11FEC3EE100A25C4D /* Movie.swift in Sources */ = {isa = PBXBuildFile; fileRef = 3ECD7AA01FEC3EE100A25C4D /* Movie.swift */; };
/* End PBXBuildFile section */

/* Begin PBXContainerItemProxy section */
		3ECD7A621FEBB0D100A25C4D /* PBXContainerItemProxy */ = {
			isa = PBXContainerItemProxy;
			containerPortal = 3ECD7A421FEBB0D100A25C4D /* Project object */;
			proxyType = 1;
			remoteGlobalIDString = 3ECD7A491FEBB0D100A25C4D;
			remoteInfo = MovieSearch;
		};
/* End PBXContainerItemProxy section */

/* Begin PBXFileReference section */
		3E6C348E1FEC5FDC0007D03B /* UIViewController+Utils.swift */ = {isa = PBXFileReference; lastKnownFileType = sourcecode.swift; path = "UIViewController+Utils.swift"; sourceTree = "<group>"; };
		3E6C34901FEC600E0007D03B /* String+Utils.swift */ = {isa = PBXFileReference; lastKnownFileType = sourcecode.swift; path = "String+Utils.swift"; sourceTree = "<group>"; };
		3E6C34931FEC61A70007D03B /* MovieCell.swift */ = {isa = PBXFileReference; lastKnownFileType = sourcecode.swift; path = MovieCell.swift; sourceTree = "<group>"; };
		3E6C34951FEC61FF0007D03B /* MovieCellViewModel.swift */ = {isa = PBXFileReference; lastKnownFileType = sourcecode.swift; path = MovieCellViewModel.swift; sourceTree = "<group>"; };
		3E6C34971FEC653B0007D03B /* RxCocoa.framework */ = {isa = PBXFileReference; lastKnownFileType = wrapper.framework; name = RxCocoa.framework; path = Carthage/Build/iOS/RxCocoa.framework; sourceTree = "<group>"; };
		3ECD7A4A1FEBB0D100A25C4D /* MovieSearch.app */ = {isa = PBXFileReference; explicitFileType = wrapper.application; includeInIndex = 0; path = MovieSearch.app; sourceTree = BUILT_PRODUCTS_DIR; };
		3ECD7A4D1FEBB0D100A25C4D /* AppDelegate.swift */ = {isa = PBXFileReference; lastKnownFileType = sourcecode.swift; path = AppDelegate.swift; sourceTree = "<group>"; };
		3ECD7A4F1FEBB0D100A25C4D /* SearchViewController.swift */ = {isa = PBXFileReference; lastKnownFileType = sourcecode.swift; path = SearchViewController.swift; sourceTree = "<group>"; };
		3ECD7A521FEBB0D100A25C4D /* Base */ = {isa = PBXFileReference; lastKnownFileType = file.storyboard; name = Base; path = Base.lproj/Main.storyboard; sourceTree = "<group>"; };
		3ECD7A551FEBB0D100A25C4D /* MovieSearch.xcdatamodel */ = {isa = PBXFileReference; lastKnownFileType = wrapper.xcdatamodel; path = MovieSearch.xcdatamodel; sourceTree = "<group>"; };
		3ECD7A571FEBB0D100A25C4D /* Assets.xcassets */ = {isa = PBXFileReference; lastKnownFileType = folder.assetcatalog; path = Assets.xcassets; sourceTree = "<group>"; };
		3ECD7A5A1FEBB0D100A25C4D /* Base */ = {isa = PBXFileReference; lastKnownFileType = file.storyboard; name = Base; path = Base.lproj/LaunchScreen.storyboard; sourceTree = "<group>"; };
		3ECD7A5C1FEBB0D100A25C4D /* Info.plist */ = {isa = PBXFileReference; lastKnownFileType = text.plist.xml; path = Info.plist; sourceTree = "<group>"; };
		3ECD7A611FEBB0D100A25C4D /* MovieSearchTests.xctest */ = {isa = PBXFileReference; explicitFileType = wrapper.cfbundle; includeInIndex = 0; path = MovieSearchTests.xctest; sourceTree = BUILT_PRODUCTS_DIR; };
		3ECD7A651FEBB0D100A25C4D /* MovieSearchTests.swift */ = {isa = PBXFileReference; lastKnownFileType = sourcecode.swift; path = MovieSearchTests.swift; sourceTree = "<group>"; };
		3ECD7A671FEBB0D100A25C4D /* Info.plist */ = {isa = PBXFileReference; lastKnownFileType = text.plist.xml; path = Info.plist; sourceTree = "<group>"; };
		3ECD7A731FEBB18D00A25C4D /* Storage.swift */ = {isa = PBXFileReference; lastKnownFileType = sourcecode.swift; path = Storage.swift; sourceTree = "<group>"; };
		3ECD7A751FEBB21100A25C4D /* CoreDataStorage.swift */ = {isa = PBXFileReference; lastKnownFileType = sourcecode.swift; path = CoreDataStorage.swift; sourceTree = "<group>"; };
		3ECD7A791FEBB5A400A25C4D /* SuggestionCell.swift */ = {isa = PBXFileReference; lastKnownFileType = sourcecode.swift; path = SuggestionCell.swift; sourceTree = "<group>"; };
		3ECD7A7F1FEBB6DE00A25C4D /* SearchViewModel.swift */ = {isa = PBXFileReference; lastKnownFileType = sourcecode.swift; path = SearchViewModel.swift; sourceTree = "<group>"; };
		3ECD7A821FEBBBDC00A25C4D /* MainFlowController.swift */ = {isa = PBXFileReference; lastKnownFileType = sourcecode.swift; path = MainFlowController.swift; sourceTree = "<group>"; };
		3ECD7A841FEBBE2D00A25C4D /* NetworkServiceFactory.swift */ = {isa = PBXFileReference; lastKnownFileType = sourcecode.swift; path = NetworkServiceFactory.swift; sourceTree = "<group>"; };
		3ECD7A891FEBC36000A25C4D /* ManagedSearch.swift */ = {isa = PBXFileReference; lastKnownFileType = sourcecode.swift; path = ManagedSearch.swift; sourceTree = "<group>"; };
		3ECD7A8B1FEC0EBA00A25C4D /* Configuration.swift */ = {isa = PBXFileReference; lastKnownFileType = sourcecode.swift; path = Configuration.swift; sourceTree = "<group>"; };
		3ECD7A8D1FEC153300A25C4D /* NetworkRouter.swift */ = {isa = PBXFileReference; lastKnownFileType = sourcecode.swift; path = NetworkRouter.swift; sourceTree = "<group>"; };
		3ECD7A901FEC1A5B00A25C4D /* SearchService.swift */ = {isa = PBXFileReference; lastKnownFileType = sourcecode.swift; path = SearchService.swift; sourceTree = "<group>"; };
		3ECD7A931FEC36F100A25C4D /* Alamofire.framework */ = {isa = PBXFileReference; lastKnownFileType = wrapper.framework; name = Alamofire.framework; path = Carthage/Build/iOS/Alamofire.framework; sourceTree = "<group>"; };
		3ECD7A961FEC37C500A25C4D /* Search.swift */ = {isa = PBXFileReference; lastKnownFileType = sourcecode.swift; path = Search.swift; sourceTree = "<group>"; };
		3ECD7A9A1FEC390E00A25C4D /* ResultsViewController.swift */ = {isa = PBXFileReference; lastKnownFileType = sourcecode.swift; path = ResultsViewController.swift; sourceTree = "<group>"; };
		3ECD7A9C1FEC391E00A25C4D /* ResultsViewModel.swift */ = {isa = PBXFileReference; lastKnownFileType = sourcecode.swift; path = ResultsViewModel.swift; sourceTree = "<group>"; };
		3ECD7A9E1FEC3B6900A25C4D /* RxSwift.framework */ = {isa = PBXFileReference; lastKnownFileType = wrapper.framework; name = RxSwift.framework; path = Carthage/Build/iOS/RxSwift.framework; sourceTree = "<group>"; };
		3ECD7AA01FEC3EE100A25C4D /* Movie.swift */ = {isa = PBXFileReference; lastKnownFileType = sourcecode.swift; path = Movie.swift; sourceTree = "<group>"; };
/* End PBXFileReference section */

/* Begin PBXFrameworksBuildPhase section */
		3ECD7A471FEBB0D100A25C4D /* Frameworks */ = {
			isa = PBXFrameworksBuildPhase;
			buildActionMask = 2147483647;
			files = (
				3ECD7A941FEC36F100A25C4D /* Alamofire.framework in Frameworks */,
				3ECD7A9F1FEC3B6900A25C4D /* RxSwift.framework in Frameworks */,
				3E6C34981FEC653B0007D03B /* RxCocoa.framework in Frameworks */,
			);
			runOnlyForDeploymentPostprocessing = 0;
		};
		3ECD7A5E1FEBB0D100A25C4D /* Frameworks */ = {
			isa = PBXFrameworksBuildPhase;
			buildActionMask = 2147483647;
			files = (
			);
			runOnlyForDeploymentPostprocessing = 0;
		};
/* End PBXFrameworksBuildPhase section */

/* Begin PBXGroup section */
		3E6C348D1FEC5FC50007D03B /* Extensions */ = {
			isa = PBXGroup;
			children = (
				3E6C348E1FEC5FDC0007D03B /* UIViewController+Utils.swift */,
				3E6C34901FEC600E0007D03B /* String+Utils.swift */,
			);
			path = Extensions;
			sourceTree = "<group>";
		};
		3E6C34921FEC61950007D03B /* MovieCell */ = {
			isa = PBXGroup;
			children = (
				3E6C34931FEC61A70007D03B /* MovieCell.swift */,
				3E6C34951FEC61FF0007D03B /* MovieCellViewModel.swift */,
			);
			path = MovieCell;
			sourceTree = "<group>";
		};
		3ECD7A411FEBB0D100A25C4D = {
			isa = PBXGroup;
			children = (
				3ECD7A4C1FEBB0D100A25C4D /* MovieSearch */,
				3ECD7A641FEBB0D100A25C4D /* MovieSearchTests */,
				3ECD7A4B1FEBB0D100A25C4D /* Products */,
				3ECD7A921FEC36F100A25C4D /* Frameworks */,
			);
			sourceTree = "<group>";
		};
		3ECD7A4B1FEBB0D100A25C4D /* Products */ = {
			isa = PBXGroup;
			children = (
				3ECD7A4A1FEBB0D100A25C4D /* MovieSearch.app */,
				3ECD7A611FEBB0D100A25C4D /* MovieSearchTests.xctest */,
			);
			name = Products;
			sourceTree = "<group>";
		};
		3ECD7A4C1FEBB0D100A25C4D /* MovieSearch */ = {
			isa = PBXGroup;
			children = (
				3ECD7A781FEBB2CE00A25C4D /* Screens */,
				3ECD7A811FEBBBD000A25C4D /* Navigation */,
				3ECD7A771FEBB2B500A25C4D /* Networking */,
				3ECD7A721FEBB14E00A25C4D /* Storage */,
				3ECD7A711FEBB13800A25C4D /* Views */,
				3ECD7A4D1FEBB0D100A25C4D /* AppDelegate.swift */,
				3E6C348D1FEC5FC50007D03B /* Extensions */,
				3ECD7A701FEBB11C00A25C4D /* SupportingFiles */,
			);
			path = MovieSearch;
			sourceTree = "<group>";
		};
		3ECD7A641FEBB0D100A25C4D /* MovieSearchTests */ = {
			isa = PBXGroup;
			children = (
				3ECD7A651FEBB0D100A25C4D /* MovieSearchTests.swift */,
				3ECD7A671FEBB0D100A25C4D /* Info.plist */,
			);
			path = MovieSearchTests;
			sourceTree = "<group>";
		};
		3ECD7A701FEBB11C00A25C4D /* SupportingFiles */ = {
			isa = PBXGroup;
			children = (
				3ECD7A571FEBB0D100A25C4D /* Assets.xcassets */,
				3ECD7A5C1FEBB0D100A25C4D /* Info.plist */,
			);
			path = SupportingFiles;
			sourceTree = "<group>";
		};
		3ECD7A711FEBB13800A25C4D /* Views */ = {
			isa = PBXGroup;
			children = (
				3ECD7A7B1FEBB5D300A25C4D /* Cells */,
				3ECD7A511FEBB0D100A25C4D /* Main.storyboard */,
				3ECD7A591FEBB0D100A25C4D /* LaunchScreen.storyboard */,
			);
			path = Views;
			sourceTree = "<group>";
		};
		3ECD7A721FEBB14E00A25C4D /* Storage */ = {
			isa = PBXGroup;
			children = (
				3ECD7A881FEBC34B00A25C4D /* Entities */,
				3ECD7A731FEBB18D00A25C4D /* Storage.swift */,
				3ECD7A751FEBB21100A25C4D /* CoreDataStorage.swift */,
				3ECD7A8B1FEC0EBA00A25C4D /* Configuration.swift */,
				3ECD7A541FEBB0D100A25C4D /* MovieSearch.xcdatamodeld */,
			);
			path = Storage;
			sourceTree = "<group>";
		};
		3ECD7A771FEBB2B500A25C4D /* Networking */ = {
			isa = PBXGroup;
			children = (
				3ECD7A8F1FEC1A3C00A25C4D /* Services */,
				3ECD7A841FEBBE2D00A25C4D /* NetworkServiceFactory.swift */,
				3ECD7A8D1FEC153300A25C4D /* NetworkRouter.swift */,
			);
			path = Networking;
			sourceTree = "<group>";
		};
		3ECD7A781FEBB2CE00A25C4D /* Screens */ = {
			isa = PBXGroup;
			children = (
				3ECD7A981FEC38EF00A25C4D /* Search */,
				3ECD7A991FEC38FB00A25C4D /* Results */,
			);
			path = Screens;
			sourceTree = "<group>";
		};
		3ECD7A7B1FEBB5D300A25C4D /* Cells */ = {
			isa = PBXGroup;
			children = (
				3E6C34921FEC61950007D03B /* MovieCell */,
				3ECD7A7C1FEBB5D700A25C4D /* SuggestionCell */,
			);
			path = Cells;
			sourceTree = "<group>";
		};
		3ECD7A7C1FEBB5D700A25C4D /* SuggestionCell */ = {
			isa = PBXGroup;
			children = (
				3ECD7A791FEBB5A400A25C4D /* SuggestionCell.swift */,
			);
			path = SuggestionCell;
			sourceTree = "<group>";
		};
		3ECD7A811FEBBBD000A25C4D /* Navigation */ = {
			isa = PBXGroup;
			children = (
				3ECD7A821FEBBBDC00A25C4D /* MainFlowController.swift */,
			);
			path = Navigation;
			sourceTree = "<group>";
		};
		3ECD7A881FEBC34B00A25C4D /* Entities */ = {
			isa = PBXGroup;
			children = (
				3ECD7A891FEBC36000A25C4D /* ManagedSearch.swift */,
				3ECD7A961FEC37C500A25C4D /* Search.swift */,
				3ECD7AA01FEC3EE100A25C4D /* Movie.swift */,
			);
			path = Entities;
			sourceTree = "<group>";
		};
		3ECD7A8F1FEC1A3C00A25C4D /* Services */ = {
			isa = PBXGroup;
			children = (
				3ECD7A901FEC1A5B00A25C4D /* SearchService.swift */,
			);
			path = Services;
			sourceTree = "<group>";
		};
		3ECD7A921FEC36F100A25C4D /* Frameworks */ = {
			isa = PBXGroup;
			children = (
				3E6C34971FEC653B0007D03B /* RxCocoa.framework */,
				3ECD7A9E1FEC3B6900A25C4D /* RxSwift.framework */,
				3ECD7A931FEC36F100A25C4D /* Alamofire.framework */,
			);
			name = Frameworks;
			sourceTree = "<group>";
		};
		3ECD7A981FEC38EF00A25C4D /* Search */ = {
			isa = PBXGroup;
			children = (
				3ECD7A4F1FEBB0D100A25C4D /* SearchViewController.swift */,
				3ECD7A7F1FEBB6DE00A25C4D /* SearchViewModel.swift */,
			);
			path = Search;
			sourceTree = "<group>";
		};
		3ECD7A991FEC38FB00A25C4D /* Results */ = {
			isa = PBXGroup;
			children = (
				3ECD7A9A1FEC390E00A25C4D /* ResultsViewController.swift */,
				3ECD7A9C1FEC391E00A25C4D /* ResultsViewModel.swift */,
			);
			path = Results;
			sourceTree = "<group>";
		};
/* End PBXGroup section */

/* Begin PBXNativeTarget section */
		3ECD7A491FEBB0D100A25C4D /* MovieSearch */ = {
			isa = PBXNativeTarget;
			buildConfigurationList = 3ECD7A6A1FEBB0D100A25C4D /* Build configuration list for PBXNativeTarget "MovieSearch" */;
			buildPhases = (
				3ECD7A461FEBB0D100A25C4D /* Sources */,
				3ECD7A471FEBB0D100A25C4D /* Frameworks */,
				3ECD7A481FEBB0D100A25C4D /* Resources */,
				3ECD7A951FEC371A00A25C4D /* ShellScript */,
			);
			buildRules = (
			);
			dependencies = (
			);
			name = MovieSearch;
			productName = MovieSearch;
			productReference = 3ECD7A4A1FEBB0D100A25C4D /* MovieSearch.app */;
			productType = "com.apple.product-type.application";
		};
		3ECD7A601FEBB0D100A25C4D /* MovieSearchTests */ = {
			isa = PBXNativeTarget;
			buildConfigurationList = 3ECD7A6D1FEBB0D100A25C4D /* Build configuration list for PBXNativeTarget "MovieSearchTests" */;
			buildPhases = (
				3ECD7A5D1FEBB0D100A25C4D /* Sources */,
				3ECD7A5E1FEBB0D100A25C4D /* Frameworks */,
				3ECD7A5F1FEBB0D100A25C4D /* Resources */,
			);
			buildRules = (
			);
			dependencies = (
				3ECD7A631FEBB0D100A25C4D /* PBXTargetDependency */,
			);
			name = MovieSearchTests;
			productName = MovieSearchTests;
			productReference = 3ECD7A611FEBB0D100A25C4D /* MovieSearchTests.xctest */;
			productType = "com.apple.product-type.bundle.unit-test";
		};
/* End PBXNativeTarget section */

/* Begin PBXProject section */
		3ECD7A421FEBB0D100A25C4D /* Project object */ = {
			isa = PBXProject;
			attributes = {
				LastSwiftUpdateCheck = 0920;
				LastUpgradeCheck = 0920;
				TargetAttributes = {
					3ECD7A491FEBB0D100A25C4D = {
						CreatedOnToolsVersion = 9.2;
						ProvisioningStyle = Automatic;
					};
					3ECD7A601FEBB0D100A25C4D = {
						CreatedOnToolsVersion = 9.2;
						ProvisioningStyle = Automatic;
						TestTargetID = 3ECD7A491FEBB0D100A25C4D;
					};
				};
			};
			buildConfigurationList = 3ECD7A451FEBB0D100A25C4D /* Build configuration list for PBXProject "MovieSearch" */;
			compatibilityVersion = "Xcode 8.0";
			developmentRegion = en;
			hasScannedForEncodings = 0;
			knownRegions = (
				en,
				Base,
			);
			mainGroup = 3ECD7A411FEBB0D100A25C4D;
			productRefGroup = 3ECD7A4B1FEBB0D100A25C4D /* Products */;
			projectDirPath = "";
			projectRoot = "";
			targets = (
				3ECD7A491FEBB0D100A25C4D /* MovieSearch */,
				3ECD7A601FEBB0D100A25C4D /* MovieSearchTests */,
			);
		};
/* End PBXProject section */

/* Begin PBXResourcesBuildPhase section */
		3ECD7A481FEBB0D100A25C4D /* Resources */ = {
			isa = PBXResourcesBuildPhase;
			buildActionMask = 2147483647;
			files = (
				3ECD7A5B1FEBB0D100A25C4D /* LaunchScreen.storyboard in Resources */,
				3ECD7A581FEBB0D100A25C4D /* Assets.xcassets in Resources */,
				3ECD7A531FEBB0D100A25C4D /* Main.storyboard in Resources */,
			);
			runOnlyForDeploymentPostprocessing = 0;
		};
		3ECD7A5F1FEBB0D100A25C4D /* Resources */ = {
			isa = PBXResourcesBuildPhase;
			buildActionMask = 2147483647;
			files = (
			);
			runOnlyForDeploymentPostprocessing = 0;
		};
/* End PBXResourcesBuildPhase section */

/* Begin PBXShellScriptBuildPhase section */
		3ECD7A951FEC371A00A25C4D /* ShellScript */ = {
			isa = PBXShellScriptBuildPhase;
			buildActionMask = 2147483647;
			files = (
			);
			inputPaths = (
				"$(SRCROOT)/Carthage/Build/iOS/Alamofire.framework",
				"$(SRCROOT)/Carthage/Build/iOS/RxSwift.framework",
				"$(SRCROOT)/Carthage/Build/iOS/RxCocoa.framework",
			);
			outputPaths = (
			);
			runOnlyForDeploymentPostprocessing = 0;
			shellPath = /bin/sh;
			shellScript = "/usr/local/bin/carthage copy-frameworks";
		};
/* End PBXShellScriptBuildPhase section */

/* Begin PBXSourcesBuildPhase section */
		3ECD7A461FEBB0D100A25C4D /* Sources */ = {
			isa = PBXSourcesBuildPhase;
			buildActionMask = 2147483647;
			files = (
				3ECD7A761FEBB21100A25C4D /* CoreDataStorage.swift in Sources */,
				3ECD7A801FEBB6DE00A25C4D /* SearchViewModel.swift in Sources */,
				3E6C348F1FEC5FDC0007D03B /* UIViewController+Utils.swift in Sources */,
				3ECD7A501FEBB0D100A25C4D /* SearchViewController.swift in Sources */,
				3ECD7A831FEBBBDC00A25C4D /* MainFlowController.swift in Sources */,
				3ECD7A741FEBB18D00A25C4D /* Storage.swift in Sources */,
				3ECD7A8C1FEC0EBA00A25C4D /* Configuration.swift in Sources */,
				3ECD7A7A1FEBB5A400A25C4D /* SuggestionCell.swift in Sources */,
				3ECD7A561FEBB0D100A25C4D /* MovieSearch.xcdatamodeld in Sources */,
				3ECD7A9B1FEC390E00A25C4D /* ResultsViewController.swift in Sources */,
				3ECD7A8A1FEBC36000A25C4D /* ManagedSearch.swift in Sources */,
				3ECD7A911FEC1A5B00A25C4D /* SearchService.swift in Sources */,
				3E6C34911FEC600E0007D03B /* String+Utils.swift in Sources */,
				3ECD7A4E1FEBB0D100A25C4D /* AppDelegate.swift in Sources */,
				3ECD7A8E1FEC153300A25C4D /* NetworkRouter.swift in Sources */,
				3ECD7A851FEBBE2D00A25C4D /* NetworkServiceFactory.swift in Sources */,
				3ECD7A971FEC37C500A25C4D /* Search.swift in Sources */,
				3ECD7A9D1FEC391E00A25C4D /* ResultsViewModel.swift in Sources */,
				3E6C34941FEC61A70007D03B /* MovieCell.swift in Sources */,
				3E6C34961FEC61FF0007D03B /* MovieCellViewModel.swift in Sources */,
				3ECD7AA11FEC3EE100A25C4D /* Movie.swift in Sources */,
			);
			runOnlyForDeploymentPostprocessing = 0;
		};
		3ECD7A5D1FEBB0D100A25C4D /* Sources */ = {
			isa = PBXSourcesBuildPhase;
			buildActionMask = 2147483647;
			files = (
				3ECD7A661FEBB0D100A25C4D /* MovieSearchTests.swift in Sources */,
			);
			runOnlyForDeploymentPostprocessing = 0;
		};
/* End PBXSourcesBuildPhase section */

/* Begin PBXTargetDependency section */
		3ECD7A631FEBB0D100A25C4D /* PBXTargetDependency */ = {
			isa = PBXTargetDependency;
			target = 3ECD7A491FEBB0D100A25C4D /* MovieSearch */;
			targetProxy = 3ECD7A621FEBB0D100A25C4D /* PBXContainerItemProxy */;
		};
/* End PBXTargetDependency section */

/* Begin PBXVariantGroup section */
		3ECD7A511FEBB0D100A25C4D /* Main.storyboard */ = {
			isa = PBXVariantGroup;
			children = (
				3ECD7A521FEBB0D100A25C4D /* Base */,
			);
			name = Main.storyboard;
			sourceTree = "<group>";
		};
		3ECD7A591FEBB0D100A25C4D /* LaunchScreen.storyboard */ = {
			isa = PBXVariantGroup;
			children = (
				3ECD7A5A1FEBB0D100A25C4D /* Base */,
			);
			name = LaunchScreen.storyboard;
			sourceTree = "<group>";
		};
/* End PBXVariantGroup section */

/* Begin XCBuildConfiguration section */
		3ECD7A681FEBB0D100A25C4D /* Debug */ = {
			isa = XCBuildConfiguration;
			buildSettings = {
				ALWAYS_SEARCH_USER_PATHS = NO;
				CLANG_ANALYZER_NONNULL = YES;
				CLANG_ANALYZER_NUMBER_OBJECT_CONVERSION = YES_AGGRESSIVE;
				CLANG_CXX_LANGUAGE_STANDARD = "gnu++14";
				CLANG_CXX_LIBRARY = "libc++";
				CLANG_ENABLE_MODULES = YES;
				CLANG_ENABLE_OBJC_ARC = YES;
				CLANG_WARN_BLOCK_CAPTURE_AUTORELEASING = YES;
				CLANG_WARN_BOOL_CONVERSION = YES;
				CLANG_WARN_COMMA = YES;
				CLANG_WARN_CONSTANT_CONVERSION = YES;
				CLANG_WARN_DIRECT_OBJC_ISA_USAGE = YES_ERROR;
				CLANG_WARN_DOCUMENTATION_COMMENTS = YES;
				CLANG_WARN_EMPTY_BODY = YES;
				CLANG_WARN_ENUM_CONVERSION = YES;
				CLANG_WARN_INFINITE_RECURSION = YES;
				CLANG_WARN_INT_CONVERSION = YES;
				CLANG_WARN_NON_LITERAL_NULL_CONVERSION = YES;
				CLANG_WARN_OBJC_LITERAL_CONVERSION = YES;
				CLANG_WARN_OBJC_ROOT_CLASS = YES_ERROR;
				CLANG_WARN_RANGE_LOOP_ANALYSIS = YES;
				CLANG_WARN_STRICT_PROTOTYPES = YES;
				CLANG_WARN_SUSPICIOUS_MOVE = YES;
				CLANG_WARN_UNGUARDED_AVAILABILITY = YES_AGGRESSIVE;
				CLANG_WARN_UNREACHABLE_CODE = YES;
				CLANG_WARN__DUPLICATE_METHOD_MATCH = YES;
				CODE_SIGN_IDENTITY = "iPhone Developer";
				COPY_PHASE_STRIP = NO;
				DEBUG_INFORMATION_FORMAT = dwarf;
				ENABLE_STRICT_OBJC_MSGSEND = YES;
				ENABLE_TESTABILITY = YES;
				GCC_C_LANGUAGE_STANDARD = gnu11;
				GCC_DYNAMIC_NO_PIC = NO;
				GCC_NO_COMMON_BLOCKS = YES;
				GCC_OPTIMIZATION_LEVEL = 0;
				GCC_PREPROCESSOR_DEFINITIONS = (
					"DEBUG=1",
					"$(inherited)",
				);
				GCC_WARN_64_TO_32_BIT_CONVERSION = YES;
				GCC_WARN_ABOUT_RETURN_TYPE = YES_ERROR;
				GCC_WARN_UNDECLARED_SELECTOR = YES;
				GCC_WARN_UNINITIALIZED_AUTOS = YES_AGGRESSIVE;
				GCC_WARN_UNUSED_FUNCTION = YES;
				GCC_WARN_UNUSED_VARIABLE = YES;
				IPHONEOS_DEPLOYMENT_TARGET = 11.2;
				MTL_ENABLE_DEBUG_INFO = YES;
				ONLY_ACTIVE_ARCH = YES;
				SDKROOT = iphoneos;
				SWIFT_ACTIVE_COMPILATION_CONDITIONS = DEBUG;
				SWIFT_OPTIMIZATION_LEVEL = "-Onone";
			};
			name = Debug;
		};
		3ECD7A691FEBB0D100A25C4D /* Release */ = {
			isa = XCBuildConfiguration;
			buildSettings = {
				ALWAYS_SEARCH_USER_PATHS = NO;
				CLANG_ANALYZER_NONNULL = YES;
				CLANG_ANALYZER_NUMBER_OBJECT_CONVERSION = YES_AGGRESSIVE;
				CLANG_CXX_LANGUAGE_STANDARD = "gnu++14";
				CLANG_CXX_LIBRARY = "libc++";
				CLANG_ENABLE_MODULES = YES;
				CLANG_ENABLE_OBJC_ARC = YES;
				CLANG_WARN_BLOCK_CAPTURE_AUTORELEASING = YES;
				CLANG_WARN_BOOL_CONVERSION = YES;
				CLANG_WARN_COMMA = YES;
				CLANG_WARN_CONSTANT_CONVERSION = YES;
				CLANG_WARN_DIRECT_OBJC_ISA_USAGE = YES_ERROR;
				CLANG_WARN_DOCUMENTATION_COMMENTS = YES;
				CLANG_WARN_EMPTY_BODY = YES;
				CLANG_WARN_ENUM_CONVERSION = YES;
				CLANG_WARN_INFINITE_RECURSION = YES;
				CLANG_WARN_INT_CONVERSION = YES;
				CLANG_WARN_NON_LITERAL_NULL_CONVERSION = YES;
				CLANG_WARN_OBJC_LITERAL_CONVERSION = YES;
				CLANG_WARN_OBJC_ROOT_CLASS = YES_ERROR;
				CLANG_WARN_RANGE_LOOP_ANALYSIS = YES;
				CLANG_WARN_STRICT_PROTOTYPES = YES;
				CLANG_WARN_SUSPICIOUS_MOVE = YES;
				CLANG_WARN_UNGUARDED_AVAILABILITY = YES_AGGRESSIVE;
				CLANG_WARN_UNREACHABLE_CODE = YES;
				CLANG_WARN__DUPLICATE_METHOD_MATCH = YES;
				CODE_SIGN_IDENTITY = "iPhone Developer";
				COPY_PHASE_STRIP = NO;
				DEBUG_INFORMATION_FORMAT = "dwarf-with-dsym";
				ENABLE_NS_ASSERTIONS = NO;
				ENABLE_STRICT_OBJC_MSGSEND = YES;
				GCC_C_LANGUAGE_STANDARD = gnu11;
				GCC_NO_COMMON_BLOCKS = YES;
				GCC_WARN_64_TO_32_BIT_CONVERSION = YES;
				GCC_WARN_ABOUT_RETURN_TYPE = YES_ERROR;
				GCC_WARN_UNDECLARED_SELECTOR = YES;
				GCC_WARN_UNINITIALIZED_AUTOS = YES_AGGRESSIVE;
				GCC_WARN_UNUSED_FUNCTION = YES;
				GCC_WARN_UNUSED_VARIABLE = YES;
				IPHONEOS_DEPLOYMENT_TARGET = 11.2;
				MTL_ENABLE_DEBUG_INFO = NO;
				SDKROOT = iphoneos;
				SWIFT_OPTIMIZATION_LEVEL = "-Owholemodule";
				VALIDATE_PRODUCT = YES;
			};
			name = Release;
		};
		3ECD7A6B1FEBB0D100A25C4D /* Debug */ = {
			isa = XCBuildConfiguration;
			buildSettings = {
				ASSETCATALOG_COMPILER_APPICON_NAME = AppIcon;
				CODE_SIGN_STYLE = Automatic;
				DEVELOPMENT_TEAM = 499RHTV973;
				FRAMEWORK_SEARCH_PATHS = (
					"$(inherited)",
					"$(PROJECT_DIR)/Carthage/Build/iOS",
				);
				INFOPLIST_FILE = "$(SRCROOT)/MovieSearch/SupportingFiles/Info.plist";
				LD_RUNPATH_SEARCH_PATHS = "$(inherited) @executable_path/Frameworks";
				PRODUCT_BUNDLE_IDENTIFIER = com.kievkao.MovieSearch;
				PRODUCT_NAME = "$(TARGET_NAME)";
				SWIFT_VERSION = 4.0;
				TARGETED_DEVICE_FAMILY = "1,2";
			};
			name = Debug;
		};
		3ECD7A6C1FEBB0D100A25C4D /* Release */ = {
			isa = XCBuildConfiguration;
			buildSettings = {
				ASSETCATALOG_COMPILER_APPICON_NAME = AppIcon;
				CODE_SIGN_STYLE = Automatic;
				DEVELOPMENT_TEAM = 499RHTV973;
				FRAMEWORK_SEARCH_PATHS = (
					"$(inherited)",
					"$(PROJECT_DIR)/Carthage/Build/iOS",
				);
				INFOPLIST_FILE = "$(SRCROOT)/MovieSearch/SupportingFiles/Info.plist";
				LD_RUNPATH_SEARCH_PATHS = "$(inherited) @executable_path/Frameworks";
				PRODUCT_BUNDLE_IDENTIFIER = com.kievkao.MovieSearch;
				PRODUCT_NAME = "$(TARGET_NAME)";
				SWIFT_VERSION = 4.0;
				TARGETED_DEVICE_FAMILY = "1,2";
			};
			name = Release;
		};
		3ECD7A6E1FEBB0D100A25C4D /* Debug */ = {
			isa = XCBuildConfiguration;
			buildSettings = {
				ALWAYS_EMBED_SWIFT_STANDARD_LIBRARIES = YES;
				BUNDLE_LOADER = "$(TEST_HOST)";
				CODE_SIGN_STYLE = Automatic;
				DEVELOPMENT_TEAM = 499RHTV973;
				INFOPLIST_FILE = MovieSearchTests/Info.plist;
				LD_RUNPATH_SEARCH_PATHS = "$(inherited) @executable_path/Frameworks @loader_path/Frameworks";
				PRODUCT_BUNDLE_IDENTIFIER = com.kievkao.MovieSearchTests;
				PRODUCT_NAME = "$(TARGET_NAME)";
				SWIFT_VERSION = 4.0;
				TARGETED_DEVICE_FAMILY = "1,2";
				TEST_HOST = "$(BUILT_PRODUCTS_DIR)/MovieSearch.app/MovieSearch";
			};
			name = Debug;
		};
		3ECD7A6F1FEBB0D100A25C4D /* Release */ = {
			isa = XCBuildConfiguration;
			buildSettings = {
				ALWAYS_EMBED_SWIFT_STANDARD_LIBRARIES = YES;
				BUNDLE_LOADER = "$(TEST_HOST)";
				CODE_SIGN_STYLE = Automatic;
				DEVELOPMENT_TEAM = 499RHTV973;
				INFOPLIST_FILE = MovieSearchTests/Info.plist;
				LD_RUNPATH_SEARCH_PATHS = "$(inherited) @executable_path/Frameworks @loader_path/Frameworks";
				PRODUCT_BUNDLE_IDENTIFIER = com.kievkao.MovieSearchTests;
				PRODUCT_NAME = "$(TARGET_NAME)";
				SWIFT_VERSION = 4.0;
				TARGETED_DEVICE_FAMILY = "1,2";
				TEST_HOST = "$(BUILT_PRODUCTS_DIR)/MovieSearch.app/MovieSearch";
			};
			name = Release;
		};
/* End XCBuildConfiguration section */

/* Begin XCConfigurationList section */
		3ECD7A451FEBB0D100A25C4D /* Build configuration list for PBXProject "MovieSearch" */ = {
			isa = XCConfigurationList;
			buildConfigurations = (
				3ECD7A681FEBB0D100A25C4D /* Debug */,
				3ECD7A691FEBB0D100A25C4D /* Release */,
			);
			defaultConfigurationIsVisible = 0;
			defaultConfigurationName = Release;
		};
		3ECD7A6A1FEBB0D100A25C4D /* Build configuration list for PBXNativeTarget "MovieSearch" */ = {
			isa = XCConfigurationList;
			buildConfigurations = (
				3ECD7A6B1FEBB0D100A25C4D /* Debug */,
				3ECD7A6C1FEBB0D100A25C4D /* Release */,
			);
			defaultConfigurationIsVisible = 0;
			defaultConfigurationName = Release;
		};
		3ECD7A6D1FEBB0D100A25C4D /* Build configuration list for PBXNativeTarget "MovieSearchTests" */ = {
			isa = XCConfigurationList;
			buildConfigurations = (
				3ECD7A6E1FEBB0D100A25C4D /* Debug */,
				3ECD7A6F1FEBB0D100A25C4D /* Release */,
			);
			defaultConfigurationIsVisible = 0;
			defaultConfigurationName = Release;
		};
/* End XCConfigurationList section */

/* Begin XCVersionGroup section */
		3ECD7A541FEBB0D100A25C4D /* MovieSearch.xcdatamodeld */ = {
			isa = XCVersionGroup;
			children = (
				3ECD7A551FEBB0D100A25C4D /* MovieSearch.xcdatamodel */,
			);
			currentVersion = 3ECD7A551FEBB0D100A25C4D /* MovieSearch.xcdatamodel */;
			path = MovieSearch.xcdatamodeld;
			sourceTree = "<group>";
			versionGroupType = wrapper.xcdatamodel;
		};
/* End XCVersionGroup section */
	};
	rootObject = 3ECD7A421FEBB0D100A25C4D /* Project object */;
}
